
Microsoft Visual Studio Solution File, Format Version 12.00
# Visual Studio 15
VisualStudioVersion = 15.0.28307.757
MinimumVisualStudioVersion = 10.0.40219.1
Project("{FAE04EC0-301F-11D3-BF4B-00C04F79EFBC}") = "RegistrationUserMVC", "RegistrationUserMVC\RegistrationUserMVC.csproj", "{E396A25C-F139-4CC9-8BF1-650FCF3A420D}"
EndProject
Global
	GlobalSection(SolutionConfigurationPlatforms) = preSolution
		Debug|Any CPU = Debug|Any CPU
		Release|Any CPU = Release|Any CPU
	EndGlobalSection
	GlobalSection(ProjectConfigurationPlatforms) = postSolution
		{E396A25C-F139-4CC9-8BF1-650FCF3A420D}.Debug|Any CPU.ActiveCfg = Debug|Any CPU
		{E396A25C-F139-4CC9-8BF1-650FCF3A420D}.Debug|Any CPU.Build.0 = Debug|Any CPU
		{E396A25C-F139-4CC9-8BF1-650FCF3A420D}.Release|Any CPU.ActiveCfg = Release|Any CPU
		{E396A25C-F139-4CC9-8BF1-650FCF3A420D}.Release|Any CPU.Build.0 = Release|Any CPU
	EndGlobalSection
	GlobalSection(SolutionProperties) = preSolution
		HideSolutionNode = FALSE
	EndGlobalSection
	GlobalSection(ExtensibilityGlobals) = postSolution
		SolutionGuid = {F53D93C7-A117-4ECC-B473-CB7C482852D7}
	EndGlobalSection
EndGlobal
